// !$*UTF8*$!
{
	archiveVersion = 1;
	classes = {
	};
	objectVersion = 46;
	objects = {

/* Begin PBXBuildFile section */
		4754245F1E2AC9F000CB7BB3 /* MainViewController.swift in Sources */ = {isa = PBXBuildFile; fileRef = 4754245E1E2AC9F000CB7BB3 /* MainViewController.swift */; };
		475424611E2ACFD500CB7BB3 /* LeftViewController.swift in Sources */ = {isa = PBXBuildFile; fileRef = 475424601E2ACFD500CB7BB3 /* LeftViewController.swift */; };
		475424631E2AD0A900CB7BB3 /* FundTypeViewController.swift in Sources */ = {isa = PBXBuildFile; fileRef = 475424621E2AD0A900CB7BB3 /* FundTypeViewController.swift */; };
		475424651E2AD1E500CB7BB3 /* default-saver-fund-pie-graph.png in Resources */ = {isa = PBXBuildFile; fileRef = 475424641E2AD1E500CB7BB3 /* default-saver-fund-pie-graph.png */; };
		47A012FC1E2B28CC009C3613 /* SlideMenuControllerSwift.framework in Frameworks */ = {isa = PBXBuildFile; fileRef = 47A012FB1E2B28CC009C3613 /* SlideMenuControllerSwift.framework */; };
		47A012FD1E2B28D6009C3613 /* SlideMenuControllerSwift.framework in Frameworks */ = {isa = PBXBuildFile; fileRef = 47A012FB1E2B28CC009C3613 /* SlideMenuControllerSwift.framework */; };
		47A012FE1E2B28D6009C3613 /* SlideMenuControllerSwift.framework in Embed Frameworks */ = {isa = PBXBuildFile; fileRef = 47A012FB1E2B28CC009C3613 /* SlideMenuControllerSwift.framework */; settings = {ATTRIBUTES = (CodeSignOnCopy, RemoveHeadersOnCopy, ); }; };
		47A013011E2B5135009C3613 /* UIViewController.swift in Sources */ = {isa = PBXBuildFile; fileRef = 47A013001E2B5135009C3613 /* UIViewController.swift */; };
		47A013091E2B6715009C3613 /* UIColor.swift in Sources */ = {isa = PBXBuildFile; fileRef = 47A013081E2B6715009C3613 /* UIColor.swift */; };
		47A0130D1E2B6F64009C3613 /* CircularStd-Book.ttf in Resources */ = {isa = PBXBuildFile; fileRef = 47A0130C1E2B6F64009C3613 /* CircularStd-Book.ttf */; };
		47A3F34A1E287439000FEF22 /* AppDelegate.swift in Sources */ = {isa = PBXBuildFile; fileRef = 47A3F3491E287439000FEF22 /* AppDelegate.swift */; };
		47A3F34F1E287439000FEF22 /* Main.storyboard in Resources */ = {isa = PBXBuildFile; fileRef = 47A3F34D1E287439000FEF22 /* Main.storyboard */; };
		47A3F3511E287439000FEF22 /* Assets.xcassets in Resources */ = {isa = PBXBuildFile; fileRef = 47A3F3501E287439000FEF22 /* Assets.xcassets */; };
		47A3F3541E287439000FEF22 /* LaunchScreen.storyboard in Resources */ = {isa = PBXBuildFile; fileRef = 47A3F3521E287439000FEF22 /* LaunchScreen.storyboard */; };
		47A3F35F1E28743A000FEF22 /* boostertesttaskTests.swift in Sources */ = {isa = PBXBuildFile; fileRef = 47A3F35E1E28743A000FEF22 /* boostertesttaskTests.swift */; };
		47A3F36A1E2875D8000FEF22 /* Podfile in Resources */ = {isa = PBXBuildFile; fileRef = 47A3F3691E2875D8000FEF22 /* Podfile */; };
		47A3F36C1E2876B3000FEF22 /* ContainerViewController.swift in Sources */ = {isa = PBXBuildFile; fileRef = 47A3F36B1E2876B3000FEF22 /* ContainerViewController.swift */; };
		47F0115D1E2B74B4008053A7 /* string.swift in Sources */ = {isa = PBXBuildFile; fileRef = 47F0115C1E2B74B4008053A7 /* string.swift */; };
		6BC17BDA541DCCC778935086 /* Pods_boostertesttask.framework in Frameworks */ = {isa = PBXBuildFile; fileRef = 82612E9B6ECC1B27498A6418 /* Pods_boostertesttask.framework */; };
/* End PBXBuildFile section */

/* Begin PBXContainerItemProxy section */
		47A3F35B1E28743A000FEF22 /* PBXContainerItemProxy */ = {
			isa = PBXContainerItemProxy;
			containerPortal = 47A3F33E1E287439000FEF22 /* Project object */;
			proxyType = 1;
			remoteGlobalIDString = 47A3F3451E287439000FEF22;
			remoteInfo = boostertesttask;
		};
/* End PBXContainerItemProxy section */

/* Begin PBXCopyFilesBuildPhase section */
		47A012FF1E2B28D6009C3613 /* Embed Frameworks */ = {
			isa = PBXCopyFilesBuildPhase;
			buildActionMask = 2147483647;
			dstPath = "";
			dstSubfolderSpec = 10;
			files = (
				47A012FE1E2B28D6009C3613 /* SlideMenuControllerSwift.framework in Embed Frameworks */,
			);
			name = "Embed Frameworks";
			runOnlyForDeploymentPostprocessing = 0;
		};
/* End PBXCopyFilesBuildPhase section */

/* Begin PBXFileReference section */
		07CBA5666D7E09EA7CB2F835 /* Pods-boostertesttask.release.xcconfig */ = {isa = PBXFileReference; includeInIndex = 1; lastKnownFileType = text.xcconfig; name = "Pods-boostertesttask.release.xcconfig"; path = "Pods/Target Support Files/Pods-boostertesttask/Pods-boostertesttask.release.xcconfig"; sourceTree = "<group>"; };
		4754245E1E2AC9F000CB7BB3 /* MainViewController.swift */ = {isa = PBXFileReference; fileEncoding = 4; lastKnownFileType = sourcecode.swift; path = MainViewController.swift; sourceTree = "<group>"; };
		475424601E2ACFD500CB7BB3 /* LeftViewController.swift */ = {isa = PBXFileReference; fileEncoding = 4; lastKnownFileType = sourcecode.swift; path = LeftViewController.swift; sourceTree = "<group>"; };
		475424621E2AD0A900CB7BB3 /* FundTypeViewController.swift */ = {isa = PBXFileReference; fileEncoding = 4; lastKnownFileType = sourcecode.swift; path = FundTypeViewController.swift; sourceTree = "<group>"; };
		475424641E2AD1E500CB7BB3 /* default-saver-fund-pie-graph.png */ = {isa = PBXFileReference; lastKnownFileType = image.png; path = "default-saver-fund-pie-graph.png"; sourceTree = "<group>"; };
		47A012FB1E2B28CC009C3613 /* SlideMenuControllerSwift.framework */ = {isa = PBXFileReference; lastKnownFileType = wrapper.framework; path = SlideMenuControllerSwift.framework; sourceTree = "<group>"; };
		47A013001E2B5135009C3613 /* UIViewController.swift */ = {isa = PBXFileReference; fileEncoding = 4; lastKnownFileType = sourcecode.swift; path = UIViewController.swift; sourceTree = "<group>"; };
		47A013081E2B6715009C3613 /* UIColor.swift */ = {isa = PBXFileReference; fileEncoding = 4; lastKnownFileType = sourcecode.swift; path = UIColor.swift; sourceTree = "<group>"; };
		47A0130C1E2B6F64009C3613 /* CircularStd-Book.ttf */ = {isa = PBXFileReference; lastKnownFileType = file; path = "CircularStd-Book.ttf"; sourceTree = "<group>"; };
		47A3F3461E287439000FEF22 /* boostertesttask.app */ = {isa = PBXFileReference; explicitFileType = wrapper.application; includeInIndex = 0; path = boostertesttask.app; sourceTree = BUILT_PRODUCTS_DIR; };
		47A3F3491E287439000FEF22 /* AppDelegate.swift */ = {isa = PBXFileReference; lastKnownFileType = sourcecode.swift; path = AppDelegate.swift; sourceTree = "<group>"; };
		47A3F34E1E287439000FEF22 /* Base */ = {isa = PBXFileReference; lastKnownFileType = file.storyboard; name = Base; path = Base.lproj/Main.storyboard; sourceTree = "<group>"; };
		47A3F3501E287439000FEF22 /* Assets.xcassets */ = {isa = PBXFileReference; lastKnownFileType = folder.assetcatalog; path = Assets.xcassets; sourceTree = "<group>"; };
		47A3F3531E287439000FEF22 /* Base */ = {isa = PBXFileReference; lastKnownFileType = file.storyboard; name = Base; path = Base.lproj/LaunchScreen.storyboard; sourceTree = "<group>"; };
		47A3F3551E287439000FEF22 /* Info.plist */ = {isa = PBXFileReference; lastKnownFileType = text.plist.xml; path = Info.plist; sourceTree = "<group>"; };
		47A3F35A1E28743A000FEF22 /* boostertesttaskTests.xctest */ = {isa = PBXFileReference; explicitFileType = wrapper.cfbundle; includeInIndex = 0; path = boostertesttaskTests.xctest; sourceTree = BUILT_PRODUCTS_DIR; };
		47A3F35E1E28743A000FEF22 /* boostertesttaskTests.swift */ = {isa = PBXFileReference; lastKnownFileType = sourcecode.swift; path = boostertesttaskTests.swift; sourceTree = "<group>"; };
		47A3F3601E28743A000FEF22 /* Info.plist */ = {isa = PBXFileReference; lastKnownFileType = text.plist.xml; path = Info.plist; sourceTree = "<group>"; };
		47A3F3691E2875D8000FEF22 /* Podfile */ = {isa = PBXFileReference; fileEncoding = 4; lastKnownFileType = text; path = Podfile; sourceTree = "<group>"; xcLanguageSpecificationIdentifier = xcode.lang.ruby; };
		47A3F36B1E2876B3000FEF22 /* ContainerViewController.swift */ = {isa = PBXFileReference; fileEncoding = 4; lastKnownFileType = sourcecode.swift; path = ContainerViewController.swift; sourceTree = "<group>"; };
		47F0115C1E2B74B4008053A7 /* string.swift */ = {isa = PBXFileReference; fileEncoding = 4; lastKnownFileType = sourcecode.swift; path = string.swift; sourceTree = "<group>"; };
		74C83A82AEBEBDE2EF46F414 /* Pods.framework */ = {isa = PBXFileReference; explicitFileType = wrapper.framework; includeInIndex = 0; path = Pods.framework; sourceTree = BUILT_PRODUCTS_DIR; };
		82612E9B6ECC1B27498A6418 /* Pods_boostertesttask.framework */ = {isa = PBXFileReference; explicitFileType = wrapper.framework; includeInIndex = 0; path = Pods_boostertesttask.framework; sourceTree = BUILT_PRODUCTS_DIR; };
		B80F0EC39B0F5F846E71CF08 /* Pods-boostertesttask.debug.xcconfig */ = {isa = PBXFileReference; includeInIndex = 1; lastKnownFileType = text.xcconfig; name = "Pods-boostertesttask.debug.xcconfig"; path = "Pods/Target Support Files/Pods-boostertesttask/Pods-boostertesttask.debug.xcconfig"; sourceTree = "<group>"; };
/* End PBXFileReference section */

/* Begin PBXFrameworksBuildPhase section */
		47A3F3431E287439000FEF22 /* Frameworks */ = {
			isa = PBXFrameworksBuildPhase;
			buildActionMask = 2147483647;
			files = (
				47A012FD1E2B28D6009C3613 /* SlideMenuControllerSwift.framework in Frameworks */,
				6BC17BDA541DCCC778935086 /* Pods_boostertesttask.framework in Frameworks */,
				47A012FC1E2B28CC009C3613 /* SlideMenuControllerSwift.framework in Frameworks */,
			);
			runOnlyForDeploymentPostprocessing = 0;
		};
		47A3F3571E28743A000FEF22 /* Frameworks */ = {
			isa = PBXFrameworksBuildPhase;
			buildActionMask = 2147483647;
			files = (
			);
			runOnlyForDeploymentPostprocessing = 0;
		};
/* End PBXFrameworksBuildPhase section */

/* Begin PBXGroup section */
		47A3F33D1E287439000FEF22 = {
			isa = PBXGroup;
			children = (
				47A0130C1E2B6F64009C3613 /* CircularStd-Book.ttf */,
				47A012FB1E2B28CC009C3613 /* SlideMenuControllerSwift.framework */,
				47A3F3691E2875D8000FEF22 /* Podfile */,
				47A3F3481E287439000FEF22 /* boostertesttask */,
				47A3F35D1E28743A000FEF22 /* boostertesttaskTests */,
				47A3F3471E287439000FEF22 /* Products */,
				8A7D3ACFDDC846F422A45AED /* Frameworks */,
				973AE6317407B12D4E15AA65 /* Pods */,
			);
			sourceTree = "<group>";
		};
		47A3F3471E287439000FEF22 /* Products */ = {
			isa = PBXGroup;
			children = (
				47A3F3461E287439000FEF22 /* boostertesttask.app */,
				47A3F35A1E28743A000FEF22 /* boostertesttaskTests.xctest */,
			);
			name = Products;
			sourceTree = "<group>";
		};
		47A3F3481E287439000FEF22 /* boostertesttask */ = {
			isa = PBXGroup;
			children = (
				47F0115C1E2B74B4008053A7 /* string.swift */,
				47A3F3491E287439000FEF22 /* AppDelegate.swift */,
				47A3F34D1E287439000FEF22 /* Main.storyboard */,
				475424641E2AD1E500CB7BB3 /* default-saver-fund-pie-graph.png */,
				47A3F3501E287439000FEF22 /* Assets.xcassets */,
				47A3F3521E287439000FEF22 /* LaunchScreen.storyboard */,
				47A3F3551E287439000FEF22 /* Info.plist */,
				47A3F36B1E2876B3000FEF22 /* ContainerViewController.swift */,
				4754245E1E2AC9F000CB7BB3 /* MainViewController.swift */,
				475424601E2ACFD500CB7BB3 /* LeftViewController.swift */,
				475424621E2AD0A900CB7BB3 /* FundTypeViewController.swift */,
				47A013001E2B5135009C3613 /* UIViewController.swift */,
				47A013081E2B6715009C3613 /* UIColor.swift */,
			);
			path = boostertesttask;
			sourceTree = "<group>";
		};
		47A3F35D1E28743A000FEF22 /* boostertesttaskTests */ = {
			isa = PBXGroup;
			children = (
				47A3F35E1E28743A000FEF22 /* boostertesttaskTests.swift */,
				47A3F3601E28743A000FEF22 /* Info.plist */,
			);
			path = boostertesttaskTests;
			sourceTree = "<group>";
		};
		8A7D3ACFDDC846F422A45AED /* Frameworks */ = {
			isa = PBXGroup;
			children = (
				74C83A82AEBEBDE2EF46F414 /* Pods.framework */,
				82612E9B6ECC1B27498A6418 /* Pods_boostertesttask.framework */,
			);
			name = Frameworks;
			sourceTree = "<group>";
		};
		973AE6317407B12D4E15AA65 /* Pods */ = {
			isa = PBXGroup;
			children = (
				B80F0EC39B0F5F846E71CF08 /* Pods-boostertesttask.debug.xcconfig */,
				07CBA5666D7E09EA7CB2F835 /* Pods-boostertesttask.release.xcconfig */,
			);
			name = Pods;
			sourceTree = "<group>";
		};
/* End PBXGroup section */

/* Begin PBXNativeTarget section */
		47A3F3451E287439000FEF22 /* boostertesttask */ = {
			isa = PBXNativeTarget;
			buildConfigurationList = 47A3F3631E28743A000FEF22 /* Build configuration list for PBXNativeTarget "boostertesttask" */;
			buildPhases = (
				4C58DB9422426B05D1C03F25 /* [CP] Check Pods Manifest.lock */,
				47A3F3421E287439000FEF22 /* Sources */,
				47A3F3431E287439000FEF22 /* Frameworks */,
				47A3F3441E287439000FEF22 /* Resources */,
				0BEC75344BD97835B9F6BE98 /* [CP] Embed Pods Frameworks */,
				B1CA692571C9085C2F8C80BA /* [CP] Copy Pods Resources */,
				47A012FF1E2B28D6009C3613 /* Embed Frameworks */,
			);
			buildRules = (
			);
			dependencies = (
			);
			name = boostertesttask;
			productName = boostertesttask;
			productReference = 47A3F3461E287439000FEF22 /* boostertesttask.app */;
			productType = "com.apple.product-type.application";
		};
		47A3F3591E28743A000FEF22 /* boostertesttaskTests */ = {
			isa = PBXNativeTarget;
			buildConfigurationList = 47A3F3661E28743A000FEF22 /* Build configuration list for PBXNativeTarget "boostertesttaskTests" */;
			buildPhases = (
				47A3F3561E28743A000FEF22 /* Sources */,
				47A3F3571E28743A000FEF22 /* Frameworks */,
				47A3F3581E28743A000FEF22 /* Resources */,
			);
			buildRules = (
			);
			dependencies = (
				47A3F35C1E28743A000FEF22 /* PBXTargetDependency */,
			);
			name = boostertesttaskTests;
			productName = boostertesttaskTests;
			productReference = 47A3F35A1E28743A000FEF22 /* boostertesttaskTests.xctest */;
			productType = "com.apple.product-type.bundle.unit-test";
		};
/* End PBXNativeTarget section */

/* Begin PBXProject section */
		47A3F33E1E287439000FEF22 /* Project object */ = {
			isa = PBXProject;
			attributes = {
				LastSwiftUpdateCheck = 0730;
				LastUpgradeCheck = 0730;
				ORGANIZATIONNAME = liu;
				TargetAttributes = {
					47A3F3451E287439000FEF22 = {
						CreatedOnToolsVersion = 7.3.1;
						DevelopmentTeam = S2QG8KQCKG;
						LastSwiftMigration = 0820;
					};
					47A3F3591E28743A000FEF22 = {
						CreatedOnToolsVersion = 7.3.1;
						LastSwiftMigration = 0820;
						TestTargetID = 47A3F3451E287439000FEF22;
					};
				};
			};
			buildConfigurationList = 47A3F3411E287439000FEF22 /* Build configuration list for PBXProject "boostertesttask" */;
			compatibilityVersion = "Xcode 3.2";
			developmentRegion = English;
			hasScannedForEncodings = 0;
			knownRegions = (
				en,
				Base,
			);
			mainGroup = 47A3F33D1E287439000FEF22;
			productRefGroup = 47A3F3471E287439000FEF22 /* Products */;
			projectDirPath = "";
			projectRoot = "";
			targets = (
				47A3F3451E287439000FEF22 /* boostertesttask */,
				47A3F3591E28743A000FEF22 /* boostertesttaskTests */,
			);
		};
/* End PBXProject section */

/* Begin PBXResourcesBuildPhase section */
		47A3F3441E287439000FEF22 /* Resources */ = {
			isa = PBXResourcesBuildPhase;
			buildActionMask = 2147483647;
			files = (
				47A3F3541E287439000FEF22 /* LaunchScreen.storyboard in Resources */,
				47A3F3511E287439000FEF22 /* Assets.xcassets in Resources */,
				47A0130D1E2B6F64009C3613 /* CircularStd-Book.ttf in Resources */,
				475424651E2AD1E500CB7BB3 /* default-saver-fund-pie-graph.png in Resources */,
				47A3F36A1E2875D8000FEF22 /* Podfile in Resources */,
				47A3F34F1E287439000FEF22 /* Main.storyboard in Resources */,
			);
			runOnlyForDeploymentPostprocessing = 0;
		};
		47A3F3581E28743A000FEF22 /* Resources */ = {
			isa = PBXResourcesBuildPhase;
			buildActionMask = 2147483647;
			files = (
			);
			runOnlyForDeploymentPostprocessing = 0;
		};
/* End PBXResourcesBuildPhase section */

/* Begin PBXShellScriptBuildPhase section */
		0BEC75344BD97835B9F6BE98 /* [CP] Embed Pods Frameworks */ = {
			isa = PBXShellScriptBuildPhase;
			buildActionMask = 2147483647;
			files = (
			);
			inputPaths = (
			);
			name = "[CP] Embed Pods Frameworks";
			outputPaths = (
			);
			runOnlyForDeploymentPostprocessing = 0;
			shellPath = /bin/sh;
			shellScript = "\"${SRCROOT}/Pods/Target Support Files/Pods-boostertesttask/Pods-boostertesttask-frameworks.sh\"\n";
			showEnvVarsInLog = 0;
		};
		4C58DB9422426B05D1C03F25 /* [CP] Check Pods Manifest.lock */ = {
			isa = PBXShellScriptBuildPhase;
			buildActionMask = 2147483647;
			files = (
			);
			inputPaths = (
			);
			name = "[CP] Check Pods Manifest.lock";
			outputPaths = (
			);
			runOnlyForDeploymentPostprocessing = 0;
			shellPath = /bin/sh;
			shellScript = "diff \"${PODS_ROOT}/../Podfile.lock\" \"${PODS_ROOT}/Manifest.lock\" > /dev/null\nif [ $? != 0 ] ; then\n    # print error to STDERR\n    echo \"error: The sandbox is not in sync with the Podfile.lock. Run 'pod install' or update your CocoaPods installation.\" >&2\n    exit 1\nfi\n";
			showEnvVarsInLog = 0;
		};
		B1CA692571C9085C2F8C80BA /* [CP] Copy Pods Resources */ = {
			isa = PBXShellScriptBuildPhase;
			buildActionMask = 2147483647;
			files = (
			);
			inputPaths = (
			);
			name = "[CP] Copy Pods Resources";
			outputPaths = (
			);
			runOnlyForDeploymentPostprocessing = 0;
			shellPath = /bin/sh;
			shellScript = "\"${SRCROOT}/Pods/Target Support Files/Pods-boostertesttask/Pods-boostertesttask-resources.sh\"\n";
			showEnvVarsInLog = 0;
		};
/* End PBXShellScriptBuildPhase section */

/* Begin PBXSourcesBuildPhase section */
		47A3F3421E287439000FEF22 /* Sources */ = {
			isa = PBXSourcesBuildPhase;
			buildActionMask = 2147483647;
			files = (
				4754245F1E2AC9F000CB7BB3 /* MainViewController.swift in Sources */,
				47A013091E2B6715009C3613 /* UIColor.swift in Sources */,
				475424611E2ACFD500CB7BB3 /* LeftViewController.swift in Sources */,
				47A013011E2B5135009C3613 /* UIViewController.swift in Sources */,
				47A3F36C1E2876B3000FEF22 /* ContainerViewController.swift in Sources */,
				47A3F34A1E287439000FEF22 /* AppDelegate.swift in Sources */,
				47F0115D1E2B74B4008053A7 /* string.swift in Sources */,
				475424631E2AD0A900CB7BB3 /* FundTypeViewController.swift in Sources */,
			);
			runOnlyForDeploymentPostprocessing = 0;
		};
		47A3F3561E28743A000FEF22 /* Sources */ = {
			isa = PBXSourcesBuildPhase;
			buildActionMask = 2147483647;
			files = (
				47A3F35F1E28743A000FEF22 /* boostertesttaskTests.swift in Sources */,
			);
			runOnlyForDeploymentPostprocessing = 0;
		};
/* End PBXSourcesBuildPhase section */

/* Begin PBXTargetDependency section */
		47A3F35C1E28743A000FEF22 /* PBXTargetDependency */ = {
			isa = PBXTargetDependency;
			target = 47A3F3451E287439000FEF22 /* boostertesttask */;
			targetProxy = 47A3F35B1E28743A000FEF22 /* PBXContainerItemProxy */;
		};
/* End PBXTargetDependency section */

/* Begin PBXVariantGroup section */
		47A3F34D1E287439000FEF22 /* Main.storyboard */ = {
			isa = PBXVariantGroup;
			children = (
				47A3F34E1E287439000FEF22 /* Base */,
			);
			name = Main.storyboard;
			sourceTree = "<group>";
		};
		47A3F3521E287439000FEF22 /* LaunchScreen.storyboard */ = {
			isa = PBXVariantGroup;
			children = (
				47A3F3531E287439000FEF22 /* Base */,
			);
			name = LaunchScreen.storyboard;
			sourceTree = "<group>";
		};
/* End PBXVariantGroup section */

/* Begin XCBuildConfiguration section */
		47A3F3611E28743A000FEF22 /* Debug */ = {
			isa = XCBuildConfiguration;
			buildSettings = {
				ALWAYS_SEARCH_USER_PATHS = NO;
				CLANG_ANALYZER_NONNULL = YES;
				CLANG_CXX_LANGUAGE_STANDARD = "gnu++0x";
				CLANG_CXX_LIBRARY = "libc++";
				CLANG_ENABLE_MODULES = YES;
				CLANG_ENABLE_OBJC_ARC = YES;
				CLANG_WARN_BOOL_CONVERSION = YES;
				CLANG_WARN_CONSTANT_CONVERSION = YES;
				CLANG_WARN_DIRECT_OBJC_ISA_USAGE = YES_ERROR;
				CLANG_WARN_EMPTY_BODY = YES;
				CLANG_WARN_ENUM_CONVERSION = YES;
				CLANG_WARN_INT_CONVERSION = YES;
				CLANG_WARN_OBJC_ROOT_CLASS = YES_ERROR;
				CLANG_WARN_UNREACHABLE_CODE = YES;
				CLANG_WARN__DUPLICATE_METHOD_MATCH = YES;
				"CODE_SIGN_IDENTITY[sdk=iphoneos*]" = "iPhone Developer";
				COPY_PHASE_STRIP = NO;
				DEBUG_INFORMATION_FORMAT = dwarf;
				ENABLE_STRICT_OBJC_MSGSEND = YES;
				ENABLE_TESTABILITY = YES;
				GCC_C_LANGUAGE_STANDARD = gnu99;
				GCC_DYNAMIC_NO_PIC = NO;
				GCC_NO_COMMON_BLOCKS = YES;
				GCC_OPTIMIZATION_LEVEL = 0;
				GCC_PREPROCESSOR_DEFINITIONS = (
					"DEBUG=1",
					"$(inherited)",
				);
				GCC_WARN_64_TO_32_BIT_CONVERSION = YES;
				GCC_WARN_ABOUT_RETURN_TYPE = YES_ERROR;
				GCC_WARN_UNDECLARED_SELECTOR = YES;
				GCC_WARN_UNINITIALIZED_AUTOS = YES_AGGRESSIVE;
				GCC_WARN_UNUSED_FUNCTION = YES;
				GCC_WARN_UNUSED_VARIABLE = YES;
				IPHONEOS_DEPLOYMENT_TARGET = 9.3;
				MTL_ENABLE_DEBUG_INFO = YES;
				ONLY_ACTIVE_ARCH = YES;
				SDKROOT = iphoneos;
				SWIFT_OPTIMIZATION_LEVEL = "-Onone";
				TARGETED_DEVICE_FAMILY = "1,2";
			};
			name = Debug;
		};
		47A3F3621E28743A000FEF22 /* Release */ = {
			isa = XCBuildConfiguration;
			buildSettings = {
				ALWAYS_SEARCH_USER_PATHS = NO;
				CLANG_ANALYZER_NONNULL = YES;
				CLANG_CXX_LANGUAGE_STANDARD = "gnu++0x";
				CLANG_CXX_LIBRARY = "libc++";
				CLANG_ENABLE_MODULES = YES;
				CLANG_ENABLE_OBJC_ARC = YES;
				CLANG_WARN_BOOL_CONVERSION = YES;
				CLANG_WARN_CONSTANT_CONVERSION = YES;
				CLANG_WARN_DIRECT_OBJC_ISA_USAGE = YES_ERROR;
				CLANG_WARN_EMPTY_BODY = YES;
				CLANG_WARN_ENUM_CONVERSION = YES;
				CLANG_WARN_INT_CONVERSION = YES;
				CLANG_WARN_OBJC_ROOT_CLASS = YES_ERROR;
				CLANG_WARN_UNREACHABLE_CODE = YES;
				CLANG_WARN__DUPLICATE_METHOD_MATCH = YES;
				"CODE_SIGN_IDENTITY[sdk=iphoneos*]" = "iPhone Developer";
				COPY_PHASE_STRIP = NO;
				DEBUG_INFORMATION_FORMAT = "dwarf-with-dsym";
				ENABLE_NS_ASSERTIONS = NO;
				ENABLE_STRICT_OBJC_MSGSEND = YES;
				GCC_C_LANGUAGE_STANDARD = gnu99;
				GCC_NO_COMMON_BLOCKS = YES;
				GCC_WARN_64_TO_32_BIT_CONVERSION = YES;
				GCC_WARN_ABOUT_RETURN_TYPE = YES_ERROR;
				GCC_WARN_UNDECLARED_SELECTOR = YES;
				GCC_WARN_UNINITIALIZED_AUTOS = YES_AGGRESSIVE;
				GCC_WARN_UNUSED_FUNCTION = YES;
				GCC_WARN_UNUSED_VARIABLE = YES;
				IPHONEOS_DEPLOYMENT_TARGET = 9.3;
				MTL_ENABLE_DEBUG_INFO = NO;
				SDKROOT = iphoneos;
				TARGETED_DEVICE_FAMILY = "1,2";
				VALIDATE_PRODUCT = YES;
			};
			name = Release;
		};
		47A3F3641E28743A000FEF22 /* Debug */ = {
			isa = XCBuildConfiguration;
			baseConfigurationReference = B80F0EC39B0F5F846E71CF08 /* Pods-boostertesttask.debug.xcconfig */;
			buildSettings = {
				ASSETCATALOG_COMPILER_APPICON_NAME = AppIcon;
				DEVELOPMENT_TEAM = S2QG8KQCKG;
				ENABLE_BITCODE = YES;
				FRAMEWORK_SEARCH_PATHS = (
					"$(inherited)",
					"$(PROJECT_DIR)",
				);
				INFOPLIST_FILE = boostertesttask/Info.plist;
				IPHONEOS_DEPLOYMENT_TARGET = 9.2;
				LD_RUNPATH_SEARCH_PATHS = "$(inherited) @executable_path/Frameworks";
				PRODUCT_BUNDLE_IDENTIFIER = liu.boostertesttask;
				PRODUCT_NAME = "$(TARGET_NAME)";
				SWIFT_VERSION = 3.0;
			};
			name = Debug;
		};
		47A3F3651E28743A000FEF22 /* Release */ = {
			isa = XCBuildConfiguration;
			baseConfigurationReference = 07CBA5666D7E09EA7CB2F835 /* Pods-boostertesttask.release.xcconfig */;
			buildSettings = {
				ASSETCATALOG_COMPILER_APPICON_NAME = AppIcon;
				DEVELOPMENT_TEAM = S2QG8KQCKG;
				ENABLE_BITCODE = YES;
				FRAMEWORK_SEARCH_PATHS = (
					"$(inherited)",
					"$(PROJECT_DIR)",
				);
				INFOPLIST_FILE = boostertesttask/Info.plist;
				IPHONEOS_DEPLOYMENT_TARGET = 9.2;
				LD_RUNPATH_SEARCH_PATHS = "$(inherited) @executable_path/Frameworks";
				PRODUCT_BUNDLE_IDENTIFIER = liu.boostertesttask;
				PRODUCT_NAME = "$(TARGET_NAME)";
				SWIFT_VERSION = 3.0;
			};
			name = Release;
		};
		47A3F3671E28743A000FEF22 /* Debug */ = {
			isa = XCBuildConfiguration;
			buildSettings = {
				BUNDLE_LOADER = "$(TEST_HOST)";
				INFOPLIST_FILE = boostertesttaskTests/Info.plist;
				LD_RUNPATH_SEARCH_PATHS = "$(inherited) @executable_path/Frameworks @loader_path/Frameworks";
				PRODUCT_BUNDLE_IDENTIFIER = liu.boostertesttaskTests;
				PRODUCT_NAME = "$(TARGET_NAME)";
				SWIFT_VERSION = 3.0;
				TEST_HOST = "$(BUILT_PRODUCTS_DIR)/boostertesttask.app/boostertesttask";
			};
			name = Debug;
		};
		47A3F3681E28743A000FEF22 /* Release */ = {
			isa = XCBuildConfiguration;
			buildSettings = {
				BUNDLE_LOADER = "$(TEST_HOST)";
				INFOPLIST_FILE = boostertesttaskTests/Info.plist;
				LD_RUNPATH_SEARCH_PATHS = "$(inherited) @executable_path/Frameworks @loader_path/Frameworks";
				PRODUCT_BUNDLE_IDENTIFIER = liu.boostertesttaskTests;
				PRODUCT_NAME = "$(TARGET_NAME)";
				SWIFT_VERSION = 3.0;
				TEST_HOST = "$(BUILT_PRODUCTS_DIR)/boostertesttask.app/boostertesttask";
			};
			name = Release;
		};
/* End XCBuildConfiguration section */

/* Begin XCConfigurationList section */
		47A3F3411E287439000FEF22 /* Build configuration list for PBXProject "boostertesttask" */ = {
			isa = XCConfigurationList;
			buildConfigurations = (
				47A3F3611E28743A000FEF22 /* Debug */,
				47A3F3621E28743A000FEF22 /* Release */,
			);
			defaultConfigurationIsVisible = 0;
			defaultConfigurationName = Release;
		};
		47A3F3631E28743A000FEF22 /* Build configuration list for PBXNativeTarget "boostertesttask" */ = {
			isa = XCConfigurationList;
			buildConfigurations = (
				47A3F3641E28743A000FEF22 /* Debug */,
				47A3F3651E28743A000FEF22 /* Release */,
			);
			defaultConfigurationIsVisible = 0;
			defaultConfigurationName = Release;
		};
		47A3F3661E28743A000FEF22 /* Build configuration list for PBXNativeTarget "boostertesttaskTests" */ = {
			isa = XCConfigurationList;
			buildConfigurations = (
				47A3F3671E28743A000FEF22 /* Debug */,
				47A3F3681E28743A000FEF22 /* Release */,
			);
			defaultConfigurationIsVisible = 0;
			defaultConfigurationName = Release;
		};
/* End XCConfigurationList section */
	};
	rootObject = 47A3F33E1E287439000FEF22 /* Project object */;
}
